Microsoft Visual Studio Solution File, Format Version 12.00
# Visual Studio Version 17
VisualStudioVersion = 17.5.2.0
MinimumVisualStudioVersion = 10.0.40219.1
Project("{FAE04EC0-301F-11D3-BF4B-00C04F79EFBC}") = "AuthC#", "AuthC#.csproj", "{4B0506C0-C34C-E76A-DF05-8A19366E2728}"
EndProject
Global
	GlobalSection(SolutionConfigurationPlatforms) = preSolution
		Debug|Any CPU = Debug|Any CPU
		Release|Any CPU = Release|Any CPU
	EndGlobalSection
	GlobalSection(ProjectConfigurationPlatforms) = postSolution
		{4B0506C0-C34C-E76A-DF05-8A19366E2728}.Debug|Any CPU.ActiveCfg = Debug|Any CPU
		{4B0506C0-C34C-E76A-DF05-8A19366E2728}.Debug|Any CPU.Build.0 = Debug|Any CPU
		{4B0506C0-C34C-E76A-DF05-8A19366E2728}.Release|Any CPU.ActiveCfg = Release|Any CPU
		{4B0506C0-C34C-E76A-DF05-8A19366E2728}.Release|Any CPU.Build.0 = Release|Any CPU
	EndGlobalSection
	GlobalSection(SolutionProperties) = preSolution
		HideSolutionNode = FALSE
	EndGlobalSection
	GlobalSection(ExtensibilityGlobals) = postSolution
		SolutionGuid = {0B513A75-4C32-4C50-9659-6429E4079C69}
	EndGlobalSection
EndGlobal
